
Microsoft Visual Studio Solution File, Format Version 12.00
# Visual Studio Version 16
VisualStudioVersion = 16.0.30804.86
MinimumVisualStudioVersion = 10.0.40219.1
Project("{FAE04EC0-301F-11D3-BF4B-00C04F79EFBC}") = "DataManager", "DataManager\DataManager.csproj", "{28B27976-E385-4BE7-BA73-4056A17FAE3B}"
EndProject
Global
	GlobalSection(SolutionConfigurationPlatforms) = preSolution
		Debug|Any CPU = Debug|Any CPU
		Release|Any CPU = Release|Any CPU
	EndGlobalSection
	GlobalSection(ProjectConfigurationPlatforms) = postSolution
		{28B27976-E385-4BE7-BA73-4056A17FAE3B}.Debug|Any CPU.ActiveCfg = Debug|Any CPU
		{28B27976-E385-4BE7-BA73-4056A17FAE3B}.Debug|Any CPU.Build.0 = Debug|Any CPU
		{28B27976-E385-4BE7-BA73-4056A17FAE3B}.Release|Any CPU.ActiveCfg = Release|Any CPU
		{28B27976-E385-4BE7-BA73-4056A17FAE3B}.Release|Any CPU.Build.0 = Release|Any CPU
	EndGlobalSection
	GlobalSection(SolutionProperties) = preSolution
		HideSolutionNode = FALSE
	EndGlobalSection
	GlobalSection(ExtensibilityGlobals) = postSolution
		SolutionGuid = {DDE5182F-1AAA-45C0-B2EE-5DC1E6A718C9}
	EndGlobalSection
EndGlobal
